// !$*UTF8*$!
{
	archiveVersion = 1;
	classes = {
	};
	objectVersion = 56;
	objects = {

/* Begin PBXBuildFile section */
		3132D7492A7EBD64000C1679 /* GeneralTabBarController.swift in Sources */ = {isa = PBXBuildFile; fileRef = 3132D7482A7EBD64000C1679 /* GeneralTabBarController.swift */; };
		3132D7512A7EF56C000C1679 /* RewardsViewController .swift in Sources */ = {isa = PBXBuildFile; fileRef = 3132D7502A7EF56C000C1679 /* RewardsViewController .swift */; };
		3132D7532A7EF69F000C1679 /* MyOrdersController.swift in Sources */ = {isa = PBXBuildFile; fileRef = 3132D7522A7EF69F000C1679 /* MyOrdersController.swift */; };
		3132D7562A7FDD40000C1679 /* AppColors.swift in Sources */ = {isa = PBXBuildFile; fileRef = 3132D7552A7FDD40000C1679 /* AppColors.swift */; };
		3132D7582A7FDDCD000C1679 /* Resources.swift in Sources */ = {isa = PBXBuildFile; fileRef = 3132D7572A7FDDCD000C1679 /* Resources.swift */; };
		3132D75A2A7FFB38000C1679 /* HomeView.swift in Sources */ = {isa = PBXBuildFile; fileRef = 3132D7592A7FFB38000C1679 /* HomeView.swift */; };
		3132D75C2A8024B0000C1679 /* HomePresenter.swift in Sources */ = {isa = PBXBuildFile; fileRef = 3132D75B2A8024B0000C1679 /* HomePresenter.swift */; };
		3132D75E2A80291C000C1679 /* HomeModuleAssembly.swift in Sources */ = {isa = PBXBuildFile; fileRef = 3132D75D2A80291C000C1679 /* HomeModuleAssembly.swift */; };
		3132D7682A813F7D000C1679 /* CoffeeProductCollectionViewCell.swift in Sources */ = {isa = PBXBuildFile; fileRef = 3132D7672A813F7D000C1679 /* CoffeeProductCollectionViewCell.swift */; };
		3132D76C2A814AB8000C1679 /* DMSans-Regular.ttf in Resources */ = {isa = PBXBuildFile; fileRef = 3132D76B2A814AB8000C1679 /* DMSans-Regular.ttf */; };
		3132D76E2A814ACB000C1679 /* DMSans-SemiBold.ttf in Resources */ = {isa = PBXBuildFile; fileRef = 3132D76D2A814ACB000C1679 /* DMSans-SemiBold.ttf */; };
		3132D7702A814AEF000C1679 /* DMSans-Medium.ttf in Resources */ = {isa = PBXBuildFile; fileRef = 3132D76F2A814AEF000C1679 /* DMSans-Medium.ttf */; };
		3132D7722A8154C7000C1679 /* CoffeeProduct.swift in Sources */ = {isa = PBXBuildFile; fileRef = 3132D7712A8154C7000C1679 /* CoffeeProduct.swift */; };
		3132D7742A815F5D000C1679 /* StorageService.swift in Sources */ = {isa = PBXBuildFile; fileRef = 3132D7732A815F5D000C1679 /* StorageService.swift */; };
		3132D7762A816F84000C1679 /* CartPosition.swift in Sources */ = {isa = PBXBuildFile; fileRef = 3132D7752A816F84000C1679 /* CartPosition.swift */; };
		3132D77C2A841E88000C1679 /* RewardsPresenter.swift in Sources */ = {isa = PBXBuildFile; fileRef = 3132D77B2A841E88000C1679 /* RewardsPresenter.swift */; };
		3132D77E2A8930E5000C1679 /* DetailController.swift in Sources */ = {isa = PBXBuildFile; fileRef = 3132D77D2A8930E5000C1679 /* DetailController.swift */; };
		3132D7802A893161000C1679 /* DetailView.swift in Sources */ = {isa = PBXBuildFile; fileRef = 3132D77F2A893161000C1679 /* DetailView.swift */; };
		3132D7822A8931C1000C1679 /* DetailPresenter.swift in Sources */ = {isa = PBXBuildFile; fileRef = 3132D7812A8931C1000C1679 /* DetailPresenter.swift */; };
		3132D7842A8932A7000C1679 /* DetailModuleAssembly.swift in Sources */ = {isa = PBXBuildFile; fileRef = 3132D7832A8932A7000C1679 /* DetailModuleAssembly.swift */; };
		3132D7872A8951C1000C1679 /* QuanitySectionView.swift in Sources */ = {isa = PBXBuildFile; fileRef = 3132D7862A8951C1000C1679 /* QuanitySectionView.swift */; };
		3132D7892A895C00000C1679 /* CustomStepper.swift in Sources */ = {isa = PBXBuildFile; fileRef = 3132D7882A895C00000C1679 /* CustomStepper.swift */; };
		3132D78B2A89769C000C1679 /* ShotSectionView.swift in Sources */ = {isa = PBXBuildFile; fileRef = 3132D78A2A89769C000C1679 /* ShotSectionView.swift */; };
		3132D78D2A8985A9000C1679 /* DMSans-Bold.ttf in Resources */ = {isa = PBXBuildFile; fileRef = 3132D78C2A8985A9000C1679 /* DMSans-Bold.ttf */; };
		3132D78F2A898664000C1679 /* TemperatureSectionView.swift in Sources */ = {isa = PBXBuildFile; fileRef = 3132D78E2A898664000C1679 /* TemperatureSectionView.swift */; };
		3132D7912A8A809C000C1679 /* CupSizeSectionView.swift in Sources */ = {isa = PBXBuildFile; fileRef = 3132D7902A8A809C000C1679 /* CupSizeSectionView.swift */; };
		3132D7932A8A9C5B000C1679 /* IceAmountSectionView.swift in Sources */ = {isa = PBXBuildFile; fileRef = 3132D7922A8A9C5B000C1679 /* IceAmountSectionView.swift */; };
		3132D7952A8B7FE0000C1679 /* Order.swift in Sources */ = {isa = PBXBuildFile; fileRef = 3132D7942A8B7FE0000C1679 /* Order.swift */; };
		3132D7972A8C254C000C1679 /* Cart.swift in Sources */ = {isa = PBXBuildFile; fileRef = 3132D7962A8C254C000C1679 /* Cart.swift */; };
		3132D7992A8E53D1000C1679 /* MyCartController.swift in Sources */ = {isa = PBXBuildFile; fileRef = 3132D7982A8E53D1000C1679 /* MyCartController.swift */; };
		3132D79B2A8E5473000C1679 /* MyCartView.swift in Sources */ = {isa = PBXBuildFile; fileRef = 3132D79A2A8E5473000C1679 /* MyCartView.swift */; };
		3132D79D2A8E5577000C1679 /* MyCartPresenter.swift in Sources */ = {isa = PBXBuildFile; fileRef = 3132D79C2A8E5577000C1679 /* MyCartPresenter.swift */; };
		3132D79F2A8E55C0000C1679 /* MyCartModuleAssembly.swift in Sources */ = {isa = PBXBuildFile; fileRef = 3132D79E2A8E55C0000C1679 /* MyCartModuleAssembly.swift */; };
		3132D7A12A8E6DD5000C1679 /* Poppins-Light.ttf in Resources */ = {isa = PBXBuildFile; fileRef = 3132D7A02A8E6DD5000C1679 /* Poppins-Light.ttf */; };
		3132D7A42A8E7C65000C1679 /* CartTableViewCell.swift in Sources */ = {isa = PBXBuildFile; fileRef = 3132D7A32A8E7C65000C1679 /* CartTableViewCell.swift */; };
		3132D7A62A8EB479000C1679 /* CartPositionRAW.swift in Sources */ = {isa = PBXBuildFile; fileRef = 3132D7A52A8EB479000C1679 /* CartPositionRAW.swift */; };
		3132D7A82A916854000C1679 /* CartPositionCountView.swift in Sources */ = {isa = PBXBuildFile; fileRef = 3132D7A72A916854000C1679 /* CartPositionCountView.swift */; };
		3132D7AA2A927E08000C1679 /* OrderConfirmationController.swift in Sources */ = {isa = PBXBuildFile; fileRef = 3132D7A92A927E08000C1679 /* OrderConfirmationController.swift */; };
		3132D7AC2A927E75000C1679 /* OrderConfirmationView.swift in Sources */ = {isa = PBXBuildFile; fileRef = 3132D7AB2A927E75000C1679 /* OrderConfirmationView.swift */; };
		3132D7AE2A927F4D000C1679 /* OrderConfirmationPresenter.swift in Sources */ = {isa = PBXBuildFile; fileRef = 3132D7AD2A927F4D000C1679 /* OrderConfirmationPresenter.swift */; };
		3132D7B02A927FDB000C1679 /* OrderConfirmationModuleAssembly.swift in Sources */ = {isa = PBXBuildFile; fileRef = 3132D7AF2A927FDB000C1679 /* OrderConfirmationModuleAssembly.swift */; };
		3132D7B22A92993E000C1679 /* MyOrdersPresenter.swift in Sources */ = {isa = PBXBuildFile; fileRef = 3132D7B12A92993E000C1679 /* MyOrdersPresenter.swift */; };
		3132D7B42A929AFD000C1679 /* MyOrdersModuleAssembly.swift in Sources */ = {isa = PBXBuildFile; fileRef = 3132D7B32A929AFD000C1679 /* MyOrdersModuleAssembly.swift */; };
		3132D7B62A929C07000C1679 /* MyOrdersView.swift in Sources */ = {isa = PBXBuildFile; fileRef = 3132D7B52A929C07000C1679 /* MyOrdersView.swift */; };
		3132D7B92A9389E7000C1679 /* MyOrdersTableViewCell.swift in Sources */ = {isa = PBXBuildFile; fileRef = 3132D7B82A9389E7000C1679 /* MyOrdersTableViewCell.swift */; };
		3132D7BB2A941B4F000C1679 /* BankCardView.swift in Sources */ = {isa = PBXBuildFile; fileRef = 3132D7BA2A941B4F000C1679 /* BankCardView.swift */; };
		3135D6742A7AB2DA00BB1182 /* AuthSectionViewType.swift in Sources */ = {isa = PBXBuildFile; fileRef = 3135D6732A7AB2DA00BB1182 /* AuthSectionViewType.swift */; };
		3135D6762A7BBD2500BB1182 /* AlertControllerMaker.swift in Sources */ = {isa = PBXBuildFile; fileRef = 3135D6752A7BBD2500BB1182 /* AlertControllerMaker.swift */; };
		3135D6792A7BD31E00BB1182 /* UserDefaultsManager.swift in Sources */ = {isa = PBXBuildFile; fileRef = 3135D6782A7BD31E00BB1182 /* UserDefaultsManager.swift */; };
		3136759A2A6F1E8300B1E63A /* ResetPasswordController.swift in Sources */ = {isa = PBXBuildFile; fileRef = 313675992A6F1E8300B1E63A /* ResetPasswordController.swift */; };
		3136759F2A6F1F6C00B1E63A /* ResetPasswordModuleAssembly.swift in Sources */ = {isa = PBXBuildFile; fileRef = 3136759E2A6F1F6C00B1E63A /* ResetPasswordModuleAssembly.swift */; };
		313675A72A6F206400B1E63A /* ResetPasswordView.swift in Sources */ = {isa = PBXBuildFile; fileRef = 313675A62A6F206400B1E63A /* ResetPasswordView.swift */; };
		313675AA2A6F208E00B1E63A /* SnapKit in Frameworks */ = {isa = PBXBuildFile; productRef = 313675A92A6F208E00B1E63A /* SnapKit */; };
		313675AC2A6F21C400B1E63A /* ResetPasswordPresenter.swift in Sources */ = {isa = PBXBuildFile; fileRef = 313675AB2A6F21C400B1E63A /* ResetPasswordPresenter.swift */; };
		313675AE2A6F27F900B1E63A /* MainLabel.swift in Sources */ = {isa = PBXBuildFile; fileRef = 313675AD2A6F27F900B1E63A /* MainLabel.swift */; };
		313675B02A6F2F7000B1E63A /* SubLabel.swift in Sources */ = {isa = PBXBuildFile; fileRef = 313675AF2A6F2F7000B1E63A /* SubLabel.swift */; };
		313675B62A700E2C00B1E63A /* AuthViewWithTextField.swift in Sources */ = {isa = PBXBuildFile; fileRef = 313675B52A700E2C00B1E63A /* AuthViewWithTextField.swift */; };
		314B17962A66CCB100F27C77 /* AppDelegate.swift in Sources */ = {isa = PBXBuildFile; fileRef = 314B17952A66CCB100F27C77 /* AppDelegate.swift */; };
		314B17982A66CCB100F27C77 /* SceneDelegate.swift in Sources */ = {isa = PBXBuildFile; fileRef = 314B17972A66CCB100F27C77 /* SceneDelegate.swift */; };
		314B179A2A66CCB100F27C77 /* OnboarnigController.swift in Sources */ = {isa = PBXBuildFile; fileRef = 314B17992A66CCB100F27C77 /* OnboarnigController.swift */; };
		314B179F2A66CCB200F27C77 /* Assets.xcassets in Resources */ = {isa = PBXBuildFile; fileRef = 314B179E2A66CCB200F27C77 /* Assets.xcassets */; };
		314B17A22A66CCB200F27C77 /* LaunchScreen.storyboard in Resources */ = {isa = PBXBuildFile; fileRef = 314B17A02A66CCB200F27C77 /* LaunchScreen.storyboard */; };
		314B17AE2A66D7B100F27C77 /* OnboardingView.swift in Sources */ = {isa = PBXBuildFile; fileRef = 314B17AD2A66D7B100F27C77 /* OnboardingView.swift */; };
		314B17B42A66D85600F27C77 /* OnboardingModuleAssembly.swift in Sources */ = {isa = PBXBuildFile; fileRef = 314B17B32A66D85600F27C77 /* OnboardingModuleAssembly.swift */; };
		314B17B72A66DA2000F27C77 /* GoogleService-Info.plist in Resources */ = {isa = PBXBuildFile; fileRef = 314B17B62A66DA2000F27C77 /* GoogleService-Info.plist */; };
		314B17BA2A66DB4C00F27C77 /* FirebaseAnalytics in Frameworks */ = {isa = PBXBuildFile; productRef = 314B17B92A66DB4C00F27C77 /* FirebaseAnalytics */; };
		314B17BC2A66DB4C00F27C77 /* FirebaseAnalyticsOnDeviceConversion in Frameworks */ = {isa = PBXBuildFile; productRef = 314B17BB2A66DB4C00F27C77 /* FirebaseAnalyticsOnDeviceConversion */; };
		314B17BE2A66DB4C00F27C77 /* FirebaseAnalyticsSwift in Frameworks */ = {isa = PBXBuildFile; productRef = 314B17BD2A66DB4C00F27C77 /* FirebaseAnalyticsSwift */; };
		314B17C02A66DB4C00F27C77 /* FirebaseAuth in Frameworks */ = {isa = PBXBuildFile; productRef = 314B17BF2A66DB4C00F27C77 /* FirebaseAuth */; };
		314B17C22A66DB4C00F27C77 /* FirebaseDatabase in Frameworks */ = {isa = PBXBuildFile; productRef = 314B17C12A66DB4C00F27C77 /* FirebaseDatabase */; };
		314B17C42A66DB4C00F27C77 /* FirebaseDatabaseSwift in Frameworks */ = {isa = PBXBuildFile; productRef = 314B17C32A66DB4C00F27C77 /* FirebaseDatabaseSwift */; };
		314B17C62A66DB4C00F27C77 /* FirebaseFirestore in Frameworks */ = {isa = PBXBuildFile; productRef = 314B17C52A66DB4C00F27C77 /* FirebaseFirestore */; };
		314B17C82A66DB4C00F27C77 /* FirebaseFirestoreSwift in Frameworks */ = {isa = PBXBuildFile; productRef = 314B17C72A66DB4C00F27C77 /* FirebaseFirestoreSwift */; };
		314B17CA2A66DB4C00F27C77 /* FirebaseMessaging in Frameworks */ = {isa = PBXBuildFile; productRef = 314B17C92A66DB4C00F27C77 /* FirebaseMessaging */; };
		314B17CC2A66DB4C00F27C77 /* FirebaseStorage in Frameworks */ = {isa = PBXBuildFile; productRef = 314B17CB2A66DB4C00F27C77 /* FirebaseStorage */; };
		314B17CE2A671A6E00F27C77 /* AuthService.swift in Sources */ = {isa = PBXBuildFile; fileRef = 314B17CD2A671A6E00F27C77 /* AuthService.swift */; };
		314B17D12A671CFB00F27C77 /* OnboardingViewPresenter.swift in Sources */ = {isa = PBXBuildFile; fileRef = 314B17D02A671CFB00F27C77 /* OnboardingViewPresenter.swift */; };
		314B17D82A673AC700F27C77 /* LoginController.swift in Sources */ = {isa = PBXBuildFile; fileRef = 314B17D72A673AC700F27C77 /* LoginController.swift */; };
		314B17DB2A681B1100F27C77 /* CircleNextButton.swift in Sources */ = {isa = PBXBuildFile; fileRef = 314B17DA2A681B1100F27C77 /* CircleNextButton.swift */; };
		314B17E62A682C4500F27C77 /* LoginModuleAssembly.swift in Sources */ = {isa = PBXBuildFile; fileRef = 314B17E52A682C4500F27C77 /* LoginModuleAssembly.swift */; };
		314B17E82A682E9600F27C77 /* LoginView.swift in Sources */ = {isa = PBXBuildFile; fileRef = 314B17E72A682E9600F27C77 /* LoginView.swift */; };
		314B17ED2A6848B100F27C77 /* UIColorExtension.swift in Sources */ = {isa = PBXBuildFile; fileRef = 314B17EC2A6848B100F27C77 /* UIColorExtension.swift */; };
		314B17F42A68557000F27C77 /* LoginViewPresenter.swift in Sources */ = {isa = PBXBuildFile; fileRef = 314B17F32A68557000F27C77 /* LoginViewPresenter.swift */; };
		314B17F82A6860FA00F27C77 /* RegistrationController.swift in Sources */ = {isa = PBXBuildFile; fileRef = 314B17F72A6860FA00F27C77 /* RegistrationController.swift */; };
		314B17FA2A68613100F27C77 /* RegistrationViewPresenter.swift in Sources */ = {isa = PBXBuildFile; fileRef = 314B17F92A68613100F27C77 /* RegistrationViewPresenter.swift */; };
		314B17FC2A68615400F27C77 /* RegistrationModuleAssembly.swift in Sources */ = {isa = PBXBuildFile; fileRef = 314B17FB2A68615400F27C77 /* RegistrationModuleAssembly.swift */; };
		314B17FE2A68616000F27C77 /* RegistrationView.swift in Sources */ = {isa = PBXBuildFile; fileRef = 314B17FD2A68616000F27C77 /* RegistrationView.swift */; };
		314B180A2A68932800F27C77 /* HomeController.swift in Sources */ = {isa = PBXBuildFile; fileRef = 314B18092A68932800F27C77 /* HomeController.swift */; };
		318B2F6E2A786453001F694F /* UserProfileSectionViewType.swift in Sources */ = {isa = PBXBuildFile; fileRef = 318B2F6D2A786453001F694F /* UserProfileSectionViewType.swift */; };
		31B0980E2A6C02B100CB99BE /* AuthHelper.swift in Sources */ = {isa = PBXBuildFile; fileRef = 31B0980D2A6C02B100CB99BE /* AuthHelper.swift */; };
		31B098102A6C898A00CB99BE /* DatabaseService.swift in Sources */ = {isa = PBXBuildFile; fileRef = 31B0980F2A6C898A00CB99BE /* DatabaseService.swift */; };
		31B098132A6C8AC400CB99BE /* DDUser.swift in Sources */ = {isa = PBXBuildFile; fileRef = 31B098122A6C8AC400CB99BE /* DDUser.swift */; };
		31C23CD82A7569C300B1C965 /* UserProfileController.swift in Sources */ = {isa = PBXBuildFile; fileRef = 31C23CD72A7569C300B1C965 /* UserProfileController.swift */; };
		31C23CDD2A756A5200B1C965 /* UserProfileModuleAssembly.swift in Sources */ = {isa = PBXBuildFile; fileRef = 31C23CDC2A756A5200B1C965 /* UserProfileModuleAssembly.swift */; };
		31C23CE52A756B9D00B1C965 /* UserProfilePresenter.swift in Sources */ = {isa = PBXBuildFile; fileRef = 31C23CE42A756B9D00B1C965 /* UserProfilePresenter.swift */; };
		31C23CE72A756BAE00B1C965 /* UserProfileView.swift in Sources */ = {isa = PBXBuildFile; fileRef = 31C23CE62A756BAE00B1C965 /* UserProfileView.swift */; };
		31C23CE92A75798200B1C965 /* UserInfoSectionView.swift in Sources */ = {isa = PBXBuildFile; fileRef = 31C23CE82A75798200B1C965 /* UserInfoSectionView.swift */; };
		31E105BB2A69B31B000D7210 /* CHIPageControl in Frameworks */ = {isa = PBXBuildFile; productRef = 31E105BA2A69B31B000D7210 /* CHIPageControl */; };
		31FCF0CD2A706B4D005532FB /* Poppins-Medium.ttf in Resources */ = {isa = PBXBuildFile; fileRef = 31FCF0CC2A706B4D005532FB /* Poppins-Medium.ttf */; };
		31FCF0CF2A706B59005532FB /* Poppins-Regular.ttf in Resources */ = {isa = PBXBuildFile; fileRef = 31FCF0CE2A706B59005532FB /* Poppins-Regular.ttf */; };
		31FCF0D12A706B62005532FB /* Poppins-SemiBold.ttf in Resources */ = {isa = PBXBuildFile; fileRef = 31FCF0D02A706B62005532FB /* Poppins-SemiBold.ttf */; };
		31FCF0D42A713957005532FB /* VerificationController.swift in Sources */ = {isa = PBXBuildFile; fileRef = 31FCF0D32A713957005532FB /* VerificationController.swift */; };
		31FCF0D92A7139BD005532FB /* VerificationModuleAssembly.swift in Sources */ = {isa = PBXBuildFile; fileRef = 31FCF0D82A7139BD005532FB /* VerificationModuleAssembly.swift */; };
		31FCF0E12A7139FE005532FB /* VerificationViewPresenter.swift in Sources */ = {isa = PBXBuildFile; fileRef = 31FCF0E02A7139FE005532FB /* VerificationViewPresenter.swift */; };
		31FCF0E32A713A0F005532FB /* VerificationView.swift in Sources */ = {isa = PBXBuildFile; fileRef = 31FCF0E22A713A0F005532FB /* VerificationView.swift */; };
		31FCF0E52A716A14005532FB /* VerificationSectionView.swift in Sources */ = {isa = PBXBuildFile; fileRef = 31FCF0E42A716A14005532FB /* VerificationSectionView.swift */; };
/* End PBXBuildFile section */

/* Begin PBXFileReference section */
		3132D7482A7EBD64000C1679 /* GeneralTabBarController.swift */ = {isa = PBXFileReference; lastKnownFileType = sourcecode.swift; path = GeneralTabBarController.swift; sourceTree = "<group>"; };
		3132D7502A7EF56C000C1679 /* RewardsViewController .swift */ = {isa = PBXFileReference; lastKnownFileType = sourcecode.swift; path = "RewardsViewController .swift"; sourceTree = "<group>"; };
		3132D7522A7EF69F000C1679 /* MyOrdersController.swift */ = {isa = PBXFileReference; lastKnownFileType = sourcecode.swift; path = MyOrdersController.swift; sourceTree = "<group>"; };
		3132D7552A7FDD40000C1679 /* AppColors.swift */ = {isa = PBXFileReference; lastKnownFileType = sourcecode.swift; path = AppColors.swift; sourceTree = "<group>"; };
		3132D7572A7FDDCD000C1679 /* Resources.swift */ = {isa = PBXFileReference; lastKnownFileType = sourcecode.swift; path = Resources.swift; sourceTree = "<group>"; };
		3132D7592A7FFB38000C1679 /* HomeView.swift */ = {isa = PBXFileReference; lastKnownFileType = sourcecode.swift; path = HomeView.swift; sourceTree = "<group>"; };
		3132D75B2A8024B0000C1679 /* HomePresenter.swift */ = {isa = PBXFileReference; lastKnownFileType = sourcecode.swift; path = HomePresenter.swift; sourceTree = "<group>"; };
		3132D75D2A80291C000C1679 /* HomeModuleAssembly.swift */ = {isa = PBXFileReference; lastKnownFileType = sourcecode.swift; path = HomeModuleAssembly.swift; sourceTree = "<group>"; };
		3132D7672A813F7D000C1679 /* CoffeeProductCollectionViewCell.swift */ = {isa = PBXFileReference; lastKnownFileType = sourcecode.swift; path = CoffeeProductCollectionViewCell.swift; sourceTree = "<group>"; };
		3132D76B2A814AB8000C1679 /* DMSans-Regular.ttf */ = {isa = PBXFileReference; lastKnownFileType = file; path = "DMSans-Regular.ttf"; sourceTree = "<group>"; };
		3132D76D2A814ACB000C1679 /* DMSans-SemiBold.ttf */ = {isa = PBXFileReference; lastKnownFileType = file; path = "DMSans-SemiBold.ttf"; sourceTree = "<group>"; };
		3132D76F2A814AEF000C1679 /* DMSans-Medium.ttf */ = {isa = PBXFileReference; lastKnownFileType = file; path = "DMSans-Medium.ttf"; sourceTree = "<group>"; };
		3132D7712A8154C7000C1679 /* CoffeeProduct.swift */ = {isa = PBXFileReference; lastKnownFileType = sourcecode.swift; path = CoffeeProduct.swift; sourceTree = "<group>"; };
		3132D7732A815F5D000C1679 /* StorageService.swift */ = {isa = PBXFileReference; lastKnownFileType = sourcecode.swift; path = StorageService.swift; sourceTree = "<group>"; };
		3132D7752A816F84000C1679 /* CartPosition.swift */ = {isa = PBXFileReference; lastKnownFileType = sourcecode.swift; path = CartPosition.swift; sourceTree = "<group>"; };
		3132D77B2A841E88000C1679 /* RewardsPresenter.swift */ = {isa = PBXFileReference; lastKnownFileType = sourcecode.swift; path = RewardsPresenter.swift; sourceTree = "<group>"; };
		3132D77D2A8930E5000C1679 /* DetailController.swift */ = {isa = PBXFileReference; lastKnownFileType = sourcecode.swift; path = DetailController.swift; sourceTree = "<group>"; };
		3132D77F2A893161000C1679 /* DetailView.swift */ = {isa = PBXFileReference; lastKnownFileType = sourcecode.swift; path = DetailView.swift; sourceTree = "<group>"; };
		3132D7812A8931C1000C1679 /* DetailPresenter.swift */ = {isa = PBXFileReference; lastKnownFileType = sourcecode.swift; path = DetailPresenter.swift; sourceTree = "<group>"; };
		3132D7832A8932A7000C1679 /* DetailModuleAssembly.swift */ = {isa = PBXFileReference; lastKnownFileType = sourcecode.swift; path = DetailModuleAssembly.swift; sourceTree = "<group>"; };
		3132D7862A8951C1000C1679 /* QuanitySectionView.swift */ = {isa = PBXFileReference; lastKnownFileType = sourcecode.swift; path = QuanitySectionView.swift; sourceTree = "<group>"; };
		3132D7882A895C00000C1679 /* CustomStepper.swift */ = {isa = PBXFileReference; lastKnownFileType = sourcecode.swift; path = CustomStepper.swift; sourceTree = "<group>"; };
		3132D78A2A89769C000C1679 /* ShotSectionView.swift */ = {isa = PBXFileReference; lastKnownFileType = sourcecode.swift; path = ShotSectionView.swift; sourceTree = "<group>"; };
		3132D78C2A8985A9000C1679 /* DMSans-Bold.ttf */ = {isa = PBXFileReference; lastKnownFileType = file; path = "DMSans-Bold.ttf"; sourceTree = "<group>"; };
		3132D78E2A898664000C1679 /* TemperatureSectionView.swift */ = {isa = PBXFileReference; lastKnownFileType = sourcecode.swift; path = TemperatureSectionView.swift; sourceTree = "<group>"; };
		3132D7902A8A809C000C1679 /* CupSizeSectionView.swift */ = {isa = PBXFileReference; lastKnownFileType = sourcecode.swift; path = CupSizeSectionView.swift; sourceTree = "<group>"; };
		3132D7922A8A9C5B000C1679 /* IceAmountSectionView.swift */ = {isa = PBXFileReference; lastKnownFileType = sourcecode.swift; path = IceAmountSectionView.swift; sourceTree = "<group>"; };
		3132D7942A8B7FE0000C1679 /* Order.swift */ = {isa = PBXFileReference; lastKnownFileType = sourcecode.swift; path = Order.swift; sourceTree = "<group>"; };
		3132D7962A8C254C000C1679 /* Cart.swift */ = {isa = PBXFileReference; lastKnownFileType = sourcecode.swift; path = Cart.swift; sourceTree = "<group>"; };
		3132D7982A8E53D1000C1679 /* MyCartController.swift */ = {isa = PBXFileReference; lastKnownFileType = sourcecode.swift; path = MyCartController.swift; sourceTree = "<group>"; };
		3132D79A2A8E5473000C1679 /* MyCartView.swift */ = {isa = PBXFileReference; lastKnownFileType = sourcecode.swift; path = MyCartView.swift; sourceTree = "<group>"; };
		3132D79C2A8E5577000C1679 /* MyCartPresenter.swift */ = {isa = PBXFileReference; lastKnownFileType = sourcecode.swift; path = MyCartPresenter.swift; sourceTree = "<group>"; };
		3132D79E2A8E55C0000C1679 /* MyCartModuleAssembly.swift */ = {isa = PBXFileReference; lastKnownFileType = sourcecode.swift; path = MyCartModuleAssembly.swift; sourceTree = "<group>"; };
		3132D7A02A8E6DD5000C1679 /* Poppins-Light.ttf */ = {isa = PBXFileReference; lastKnownFileType = file; path = "Poppins-Light.ttf"; sourceTree = "<group>"; };
		3132D7A32A8E7C65000C1679 /* CartTableViewCell.swift */ = {isa = PBXFileReference; lastKnownFileType = sourcecode.swift; path = CartTableViewCell.swift; sourceTree = "<group>"; };
		3132D7A52A8EB479000C1679 /* CartPositionRAW.swift */ = {isa = PBXFileReference; lastKnownFileType = sourcecode.swift; path = CartPositionRAW.swift; sourceTree = "<group>"; };
		3132D7A72A916854000C1679 /* CartPositionCountView.swift */ = {isa = PBXFileReference; lastKnownFileType = sourcecode.swift; path = CartPositionCountView.swift; sourceTree = "<group>"; };
		3132D7A92A927E08000C1679 /* OrderConfirmationController.swift */ = {isa = PBXFileReference; lastKnownFileType = sourcecode.swift; path = OrderConfirmationController.swift; sourceTree = "<group>"; };
		3132D7AB2A927E75000C1679 /* OrderConfirmationView.swift */ = {isa = PBXFileReference; lastKnownFileType = sourcecode.swift; path = OrderConfirmationView.swift; sourceTree = "<group>"; };
		3132D7AD2A927F4D000C1679 /* OrderConfirmationPresenter.swift */ = {isa = PBXFileReference; lastKnownFileType = sourcecode.swift; path = OrderConfirmationPresenter.swift; sourceTree = "<group>"; };
		3132D7AF2A927FDB000C1679 /* OrderConfirmationModuleAssembly.swift */ = {isa = PBXFileReference; lastKnownFileType = sourcecode.swift; path = OrderConfirmationModuleAssembly.swift; sourceTree = "<group>"; };
		3132D7B12A92993E000C1679 /* MyOrdersPresenter.swift */ = {isa = PBXFileReference; lastKnownFileType = sourcecode.swift; path = MyOrdersPresenter.swift; sourceTree = "<group>"; };
		3132D7B32A929AFD000C1679 /* MyOrdersModuleAssembly.swift */ = {isa = PBXFileReference; lastKnownFileType = sourcecode.swift; path = MyOrdersModuleAssembly.swift; sourceTree = "<group>"; };
		3132D7B52A929C07000C1679 /* MyOrdersView.swift */ = {isa = PBXFileReference; lastKnownFileType = sourcecode.swift; path = MyOrdersView.swift; sourceTree = "<group>"; };
		3132D7B82A9389E7000C1679 /* MyOrdersTableViewCell.swift */ = {isa = PBXFileReference; lastKnownFileType = sourcecode.swift; path = MyOrdersTableViewCell.swift; sourceTree = "<group>"; };
		3132D7BA2A941B4F000C1679 /* BankCardView.swift */ = {isa = PBXFileReference; lastKnownFileType = sourcecode.swift; path = BankCardView.swift; sourceTree = "<group>"; };
		3135D6732A7AB2DA00BB1182 /* AuthSectionViewType.swift */ = {isa = PBXFileReference; lastKnownFileType = sourcecode.swift; path = AuthSectionViewType.swift; sourceTree = "<group>"; };
		3135D6752A7BBD2500BB1182 /* AlertControllerMaker.swift */ = {isa = PBXFileReference; lastKnownFileType = sourcecode.swift; path = AlertControllerMaker.swift; sourceTree = "<group>"; };
		3135D6782A7BD31E00BB1182 /* UserDefaultsManager.swift */ = {isa = PBXFileReference; lastKnownFileType = sourcecode.swift; path = UserDefaultsManager.swift; sourceTree = "<group>"; };
		313675992A6F1E8300B1E63A /* ResetPasswordController.swift */ = {isa = PBXFileReference; lastKnownFileType = sourcecode.swift; path = ResetPasswordController.swift; sourceTree = "<group>"; };
		3136759E2A6F1F6C00B1E63A /* ResetPasswordModuleAssembly.swift */ = {isa = PBXFileReference; lastKnownFileType = sourcecode.swift; path = ResetPasswordModuleAssembly.swift; sourceTree = "<group>"; };
		313675A62A6F206400B1E63A /* ResetPasswordView.swift */ = {isa = PBXFileReference; lastKnownFileType = sourcecode.swift; path = ResetPasswordView.swift; sourceTree = "<group>"; };
		313675AB2A6F21C400B1E63A /* ResetPasswordPresenter.swift */ = {isa = PBXFileReference; lastKnownFileType = sourcecode.swift; path = ResetPasswordPresenter.swift; sourceTree = "<group>"; };
		313675AD2A6F27F900B1E63A /* MainLabel.swift */ = {isa = PBXFileReference; lastKnownFileType = sourcecode.swift; path = MainLabel.swift; sourceTree = "<group>"; };
		313675AF2A6F2F7000B1E63A /* SubLabel.swift */ = {isa = PBXFileReference; lastKnownFileType = sourcecode.swift; path = SubLabel.swift; sourceTree = "<group>"; };
		313675B52A700E2C00B1E63A /* AuthViewWithTextField.swift */ = {isa = PBXFileReference; lastKnownFileType = sourcecode.swift; path = AuthViewWithTextField.swift; sourceTree = "<group>"; };
		314B17922A66CCB100F27C77 /* CoffeeWood.app */ = {isa = PBXFileReference; explicitFileType = wrapper.application; includeInIndex = 0; path = CoffeeWood.app; sourceTree = BUILT_PRODUCTS_DIR; };
		314B17952A66CCB100F27C77 /* AppDelegate.swift */ = {isa = PBXFileReference; lastKnownFileType = sourcecode.swift; path = AppDelegate.swift; sourceTree = "<group>"; };
		314B17972A66CCB100F27C77 /* SceneDelegate.swift */ = {isa = PBXFileReference; lastKnownFileType = sourcecode.swift; path = SceneDelegate.swift; sourceTree = "<group>"; };
		314B17992A66CCB100F27C77 /* OnboarnigController.swift */ = {isa = PBXFileReference; lastKnownFileType = sourcecode.swift; path = OnboarnigController.swift; sourceTree = "<group>"; };
		314B179E2A66CCB200F27C77 /* Assets.xcassets */ = {isa = PBXFileReference; lastKnownFileType = folder.assetcatalog; path = Assets.xcassets; sourceTree = "<group>"; };
		314B17A12A66CCB200F27C77 /* Base */ = {isa = PBXFileReference; lastKnownFileType = file.storyboard; name = Base; path = Base.lproj/LaunchScreen.storyboard; sourceTree = "<group>"; };
		314B17A32A66CCB200F27C77 /* Info.plist */ = {isa = PBXFileReference; lastKnownFileType = text.plist.xml; path = Info.plist; sourceTree = "<group>"; };
		314B17AD2A66D7B100F27C77 /* OnboardingView.swift */ = {isa = PBXFileReference; lastKnownFileType = sourcecode.swift; path = OnboardingView.swift; sourceTree = "<group>"; };
		314B17B32A66D85600F27C77 /* OnboardingModuleAssembly.swift */ = {isa = PBXFileReference; lastKnownFileType = sourcecode.swift; path = OnboardingModuleAssembly.swift; sourceTree = "<group>"; };
		314B17B62A66DA2000F27C77 /* GoogleService-Info.plist */ = {isa = PBXFileReference; fileEncoding = 4; lastKnownFileType = text.plist.xml; path = "GoogleService-Info.plist"; sourceTree = "<group>"; };
		314B17CD2A671A6E00F27C77 /* AuthService.swift */ = {isa = PBXFileReference; lastKnownFileType = sourcecode.swift; path = AuthService.swift; sourceTree = "<group>"; };
		314B17D02A671CFB00F27C77 /* OnboardingViewPresenter.swift */ = {isa = PBXFileReference; lastKnownFileType = sourcecode.swift; path = OnboardingViewPresenter.swift; sourceTree = "<group>"; };
		314B17D72A673AC700F27C77 /* LoginController.swift */ = {isa = PBXFileReference; lastKnownFileType = sourcecode.swift; path = LoginController.swift; sourceTree = "<group>"; };
		314B17DA2A681B1100F27C77 /* CircleNextButton.swift */ = {isa = PBXFileReference; lastKnownFileType = sourcecode.swift; path = CircleNextButton.swift; sourceTree = "<group>"; };
		314B17E52A682C4500F27C77 /* LoginModuleAssembly.swift */ = {isa = PBXFileReference; lastKnownFileType = sourcecode.swift; path = LoginModuleAssembly.swift; sourceTree = "<group>"; };
		314B17E72A682E9600F27C77 /* LoginView.swift */ = {isa = PBXFileReference; lastKnownFileType = sourcecode.swift; path = LoginView.swift; sourceTree = "<group>"; };
		314B17EC2A6848B100F27C77 /* UIColorExtension.swift */ = {isa = PBXFileReference; lastKnownFileType = sourcecode.swift; path = UIColorExtension.swift; sourceTree = "<group>"; };
		314B17F32A68557000F27C77 /* LoginViewPresenter.swift */ = {isa = PBXFileReference; lastKnownFileType = sourcecode.swift; path = LoginViewPresenter.swift; sourceTree = "<group>"; };
		314B17F72A6860FA00F27C77 /* RegistrationController.swift */ = {isa = PBXFileReference; lastKnownFileType = sourcecode.swift; path = RegistrationController.swift; sourceTree = "<group>"; };
		314B17F92A68613100F27C77 /* RegistrationViewPresenter.swift */ = {isa = PBXFileReference; lastKnownFileType = sourcecode.swift; path = RegistrationViewPresenter.swift; sourceTree = "<group>"; };
		314B17FB2A68615400F27C77 /* RegistrationModuleAssembly.swift */ = {isa = PBXFileReference; lastKnownFileType = sourcecode.swift; path = RegistrationModuleAssembly.swift; sourceTree = "<group>"; };
		314B17FD2A68616000F27C77 /* RegistrationView.swift */ = {isa = PBXFileReference; lastKnownFileType = sourcecode.swift; path = RegistrationView.swift; sourceTree = "<group>"; };
		314B18092A68932800F27C77 /* HomeController.swift */ = {isa = PBXFileReference; lastKnownFileType = sourcecode.swift; path = HomeController.swift; sourceTree = "<group>"; };
		318B2F6D2A786453001F694F /* UserProfileSectionViewType.swift */ = {isa = PBXFileReference; lastKnownFileType = sourcecode.swift; path = UserProfileSectionViewType.swift; sourceTree = "<group>"; };
		31B0980D2A6C02B100CB99BE /* AuthHelper.swift */ = {isa = PBXFileReference; lastKnownFileType = sourcecode.swift; path = AuthHelper.swift; sourceTree = "<group>"; };
		31B0980F2A6C898A00CB99BE /* DatabaseService.swift */ = {isa = PBXFileReference; lastKnownFileType = sourcecode.swift; path = DatabaseService.swift; sourceTree = "<group>"; };
		31B098122A6C8AC400CB99BE /* DDUser.swift */ = {isa = PBXFileReference; lastKnownFileType = sourcecode.swift; path = DDUser.swift; sourceTree = "<group>"; };
		31C23CD72A7569C300B1C965 /* UserProfileController.swift */ = {isa = PBXFileReference; lastKnownFileType = sourcecode.swift; path = UserProfileController.swift; sourceTree = "<group>"; };
		31C23CDC2A756A5200B1C965 /* UserProfileModuleAssembly.swift */ = {isa = PBXFileReference; lastKnownFileType = sourcecode.swift; path = UserProfileModuleAssembly.swift; sourceTree = "<group>"; };
		31C23CE42A756B9D00B1C965 /* UserProfilePresenter.swift */ = {isa = PBXFileReference; lastKnownFileType = sourcecode.swift; path = UserProfilePresenter.swift; sourceTree = "<group>"; };
		31C23CE62A756BAE00B1C965 /* UserProfileView.swift */ = {isa = PBXFileReference; lastKnownFileType = sourcecode.swift; path = UserProfileView.swift; sourceTree = "<group>"; };
		31C23CE82A75798200B1C965 /* UserInfoSectionView.swift */ = {isa = PBXFileReference; lastKnownFileType = sourcecode.swift; path = UserInfoSectionView.swift; sourceTree = "<group>"; };
		31FCF0CC2A706B4D005532FB /* Poppins-Medium.ttf */ = {isa = PBXFileReference; lastKnownFileType = file; path = "Poppins-Medium.ttf"; sourceTree = "<group>"; };
		31FCF0CE2A706B59005532FB /* Poppins-Regular.ttf */ = {isa = PBXFileReference; lastKnownFileType = file; path = "Poppins-Regular.ttf"; sourceTree = "<group>"; };
		31FCF0D02A706B62005532FB /* Poppins-SemiBold.ttf */ = {isa = PBXFileReference; lastKnownFileType = file; path = "Poppins-SemiBold.ttf"; sourceTree = "<group>"; };
		31FCF0D32A713957005532FB /* VerificationController.swift */ = {isa = PBXFileReference; lastKnownFileType = sourcecode.swift; path = VerificationController.swift; sourceTree = "<group>"; };
		31FCF0D82A7139BD005532FB /* VerificationModuleAssembly.swift */ = {isa = PBXFileReference; lastKnownFileType = sourcecode.swift; path = VerificationModuleAssembly.swift; sourceTree = "<group>"; };
		31FCF0E02A7139FE005532FB /* VerificationViewPresenter.swift */ = {isa = PBXFileReference; lastKnownFileType = sourcecode.swift; path = VerificationViewPresenter.swift; sourceTree = "<group>"; };
		31FCF0E22A713A0F005532FB /* VerificationView.swift */ = {isa = PBXFileReference; lastKnownFileType = sourcecode.swift; path = VerificationView.swift; sourceTree = "<group>"; };
		31FCF0E42A716A14005532FB /* VerificationSectionView.swift */ = {isa = PBXFileReference; lastKnownFileType = sourcecode.swift; path = VerificationSectionView.swift; sourceTree = "<group>"; };
/* End PBXFileReference section */

/* Begin PBXFrameworksBuildPhase section */
		314B178F2A66CCB100F27C77 /* Frameworks */ = {
			isa = PBXFrameworksBuildPhase;
			buildActionMask = 2147483647;
			files = (
				314B17CA2A66DB4C00F27C77 /* FirebaseMessaging in Frameworks */,
				314B17C42A66DB4C00F27C77 /* FirebaseDatabaseSwift in Frameworks */,
				314B17C22A66DB4C00F27C77 /* FirebaseDatabase in Frameworks */,
				314B17CC2A66DB4C00F27C77 /* FirebaseStorage in Frameworks */,
				31E105BB2A69B31B000D7210 /* CHIPageControl in Frameworks */,
				314B17BE2A66DB4C00F27C77 /* FirebaseAnalyticsSwift in Frameworks */,
				314B17BA2A66DB4C00F27C77 /* FirebaseAnalytics in Frameworks */,
				314B17BC2A66DB4C00F27C77 /* FirebaseAnalyticsOnDeviceConversion in Frameworks */,
				314B17C02A66DB4C00F27C77 /* FirebaseAuth in Frameworks */,
				313675AA2A6F208E00B1E63A /* SnapKit in Frameworks */,
				314B17C62A66DB4C00F27C77 /* FirebaseFirestore in Frameworks */,
				314B17C82A66DB4C00F27C77 /* FirebaseFirestoreSwift in Frameworks */,
			);
			runOnlyForDeploymentPostprocessing = 0;
		};
/* End PBXFrameworksBuildPhase section */

/* Begin PBXGroup section */
		3132D7412A7EB02E000C1679 /* RewardsSection */ = {
			isa = PBXGroup;
			children = (
				3132D7502A7EF56C000C1679 /* RewardsViewController .swift */,
				3132D77B2A841E88000C1679 /* RewardsPresenter.swift */,
			);
			path = RewardsSection;
			sourceTree = "<group>";
		};
		3132D7422A7EB04B000C1679 /* MyOrdersSection */ = {
			isa = PBXGroup;
			children = (
				3132D7522A7EF69F000C1679 /* MyOrdersController.swift */,
				3132D7B52A929C07000C1679 /* MyOrdersView.swift */,
				3132D7B12A92993E000C1679 /* MyOrdersPresenter.swift */,
				3132D7B32A929AFD000C1679 /* MyOrdersModuleAssembly.swift */,
			);
			path = MyOrdersSection;
			sourceTree = "<group>";
		};
		3132D7432A7EB3E9000C1679 /* Home */ = {
			isa = PBXGroup;
			children = (
				314B18092A68932800F27C77 /* HomeController.swift */,
				3132D7642A813E8F000C1679 /* HomeView */,
				3132D7652A813E9F000C1679 /* HomePresenter */,
				3132D75D2A80291C000C1679 /* HomeModuleAssembly.swift */,
			);
			path = Home;
			sourceTree = "<group>";
		};
		3132D7442A7EB8EF000C1679 /* Details  */ = {
			isa = PBXGroup;
			children = (
				3132D77D2A8930E5000C1679 /* DetailController.swift */,
				3132D77F2A893161000C1679 /* DetailView.swift */,
				3132D7812A8931C1000C1679 /* DetailPresenter.swift */,
				3132D7832A8932A7000C1679 /* DetailModuleAssembly.swift */,
			);
			path = "Details ";
			sourceTree = "<group>";
		};
		3132D7452A7EB90A000C1679 /* MyCart */ = {
			isa = PBXGroup;
			children = (
				3132D7982A8E53D1000C1679 /* MyCartController.swift */,
				3132D79A2A8E5473000C1679 /* MyCartView.swift */,
				3132D79C2A8E5577000C1679 /* MyCartPresenter.swift */,
				3132D79E2A8E55C0000C1679 /* MyCartModuleAssembly.swift */,
			);
			path = MyCart;
			sourceTree = "<group>";
		};
		3132D7462A7EB91B000C1679 /* OrderConfirmation */ = {
			isa = PBXGroup;
			children = (
				3132D7A92A927E08000C1679 /* OrderConfirmationController.swift */,
				3132D7AB2A927E75000C1679 /* OrderConfirmationView.swift */,
				3132D7AD2A927F4D000C1679 /* OrderConfirmationPresenter.swift */,
				3132D7AF2A927FDB000C1679 /* OrderConfirmationModuleAssembly.swift */,
			);
			path = OrderConfirmation;
			sourceTree = "<group>";
		};
		3132D7472A7EBBA4000C1679 /* OrderSuccess */ = {
			isa = PBXGroup;
			children = (
			);
			path = OrderSuccess;
			sourceTree = "<group>";
		};
		3132D74A2A7EBE4F000C1679 /* AuthHelper */ = {
			isa = PBXGroup;
			children = (
				31B0980D2A6C02B100CB99BE /* AuthHelper.swift */,
			);
			path = AuthHelper;
			sourceTree = "<group>";
		};
		3132D74B2A7EBE61000C1679 /* AlertControllerMaker */ = {
			isa = PBXGroup;
			children = (
				3135D6752A7BBD2500BB1182 /* AlertControllerMaker.swift */,
			);
			path = AlertControllerMaker;
			sourceTree = "<group>";
		};
		3132D74C2A7EBE84000C1679 /* Managers */ = {
			isa = PBXGroup;
			children = (
				3135D6772A7BD2CF00BB1182 /* UserDefaultsManager */,
				314B17B52A66D93300F27C77 /* FirebaseManager */,
			);
			path = Managers;
			sourceTree = "<group>";
		};
		3132D74D2A7ED275000C1679 /* Authentication */ = {
			isa = PBXGroup;
			children = (
				3135D6712A7A96D200BB1182 /* VerificationSectionView */,
				3135D6722A7A972300BB1182 /* AuthSectionView */,
				314B17DA2A681B1100F27C77 /* CircleNextButton.swift */,
				313675AD2A6F27F900B1E63A /* MainLabel.swift */,
				313675AF2A6F2F7000B1E63A /* SubLabel.swift */,
			);
			path = Authentication;
			sourceTree = "<group>";
		};
		3132D74E2A7ED292000C1679 /* General */ = {
			isa = PBXGroup;
			children = (
				3132D7852A89516C000C1679 /* DetailsConfigurationSections */,
				3132D7662A813F08000C1679 /* CoffeeProductCollectionViewCell */,
				3132D7A22A8E7C4A000C1679 /* CartTableViewCell */,
				3132D7B72A938986000C1679 /* MyOrdersTableViewCell */,
				318B2F682A76857F001F694F /* UserProfileSectionView */,
				3132D7A72A916854000C1679 /* CartPositionCountView.swift */,
				3132D7BA2A941B4F000C1679 /* BankCardView.swift */,
			);
			path = General;
			sourceTree = "<group>";
		};
		3132D74F2A7EF40F000C1679 /* TrackMyOrder */ = {
			isa = PBXGroup;
			children = (
			);
			path = TrackMyOrder;
			sourceTree = "<group>";
		};
		3132D7542A7FDD19000C1679 /* Resorces */ = {
			isa = PBXGroup;
			children = (
				3132D7552A7FDD40000C1679 /* AppColors.swift */,
				3132D7572A7FDDCD000C1679 /* Resources.swift */,
			);
			path = Resorces;
			sourceTree = "<group>";
		};
		3132D7642A813E8F000C1679 /* HomeView */ = {
			isa = PBXGroup;
			children = (
				3132D7592A7FFB38000C1679 /* HomeView.swift */,
			);
			path = HomeView;
			sourceTree = "<group>";
		};
		3132D7652A813E9F000C1679 /* HomePresenter */ = {
			isa = PBXGroup;
			children = (
				3132D75B2A8024B0000C1679 /* HomePresenter.swift */,
			);
			path = HomePresenter;
			sourceTree = "<group>";
		};
		3132D7662A813F08000C1679 /* CoffeeProductCollectionViewCell */ = {
			isa = PBXGroup;
			children = (
				3132D7672A813F7D000C1679 /* CoffeeProductCollectionViewCell.swift */,
			);
			path = CoffeeProductCollectionViewCell;
			sourceTree = "<group>";
		};
		3132D7692A814A18000C1679 /* Poppins */ = {
			isa = PBXGroup;
			children = (
				31FCF0D02A706B62005532FB /* Poppins-SemiBold.ttf */,
				3132D7A02A8E6DD5000C1679 /* Poppins-Light.ttf */,
				31FCF0CC2A706B4D005532FB /* Poppins-Medium.ttf */,
				31FCF0CE2A706B59005532FB /* Poppins-Regular.ttf */,
			);
			path = Poppins;
			sourceTree = "<group>";
		};
		3132D76A2A814A2C000C1679 /* DMSans */ = {
			isa = PBXGroup;
			children = (
				3132D78C2A8985A9000C1679 /* DMSans-Bold.ttf */,
				3132D76B2A814AB8000C1679 /* DMSans-Regular.ttf */,
				3132D76F2A814AEF000C1679 /* DMSans-Medium.ttf */,
				3132D76D2A814ACB000C1679 /* DMSans-SemiBold.ttf */,
			);
			path = DMSans;
			sourceTree = "<group>";
		};
		3132D7852A89516C000C1679 /* DetailsConfigurationSections */ = {
			isa = PBXGroup;
			children = (
				3132D7882A895C00000C1679 /* CustomStepper.swift */,
				3132D7862A8951C1000C1679 /* QuanitySectionView.swift */,
				3132D78A2A89769C000C1679 /* ShotSectionView.swift */,
				3132D78E2A898664000C1679 /* TemperatureSectionView.swift */,
				3132D7902A8A809C000C1679 /* CupSizeSectionView.swift */,
				3132D7922A8A9C5B000C1679 /* IceAmountSectionView.swift */,
			);
			path = DetailsConfigurationSections;
			sourceTree = "<group>";
		};
		3132D7A22A8E7C4A000C1679 /* CartTableViewCell */ = {
			isa = PBXGroup;
			children = (
				3132D7A32A8E7C65000C1679 /* CartTableViewCell.swift */,
			);
			path = CartTableViewCell;
			sourceTree = "<group>";
		};
		3132D7B72A938986000C1679 /* MyOrdersTableViewCell */ = {
			isa = PBXGroup;
			children = (
				3132D7B82A9389E7000C1679 /* MyOrdersTableViewCell.swift */,
			);
			path = MyOrdersTableViewCell;
			sourceTree = "<group>";
		};
		3135D6712A7A96D200BB1182 /* VerificationSectionView */ = {
			isa = PBXGroup;
			children = (
				31FCF0E42A716A14005532FB /* VerificationSectionView.swift */,
			);
			path = VerificationSectionView;
			sourceTree = "<group>";
		};
		3135D6722A7A972300BB1182 /* AuthSectionView */ = {
			isa = PBXGroup;
			children = (
				313675B52A700E2C00B1E63A /* AuthViewWithTextField.swift */,
				3135D6732A7AB2DA00BB1182 /* AuthSectionViewType.swift */,
			);
			path = AuthSectionView;
			sourceTree = "<group>";
		};
		3135D6772A7BD2CF00BB1182 /* UserDefaultsManager */ = {
			isa = PBXGroup;
			children = (
				3135D6782A7BD31E00BB1182 /* UserDefaultsManager.swift */,
			);
			path = UserDefaultsManager;
			sourceTree = "<group>";
		};
		313675982A6F1E3600B1E63A /* ResetPassword */ = {
			isa = PBXGroup;
			children = (
				313675992A6F1E8300B1E63A /* ResetPasswordController.swift */,
				3136759B2A6F1F3200B1E63A /* ResetPasswordView */,
				3136759D2A6F1F4C00B1E63A /* Presenter */,
				3136759E2A6F1F6C00B1E63A /* ResetPasswordModuleAssembly.swift */,
			);
			path = ResetPassword;
			sourceTree = "<group>";
		};
		3136759B2A6F1F3200B1E63A /* ResetPasswordView */ = {
			isa = PBXGroup;
			children = (
				313675A62A6F206400B1E63A /* ResetPasswordView.swift */,
			);
			path = ResetPasswordView;
			sourceTree = "<group>";
		};
		3136759D2A6F1F4C00B1E63A /* Presenter */ = {
			isa = PBXGroup;
			children = (
				313675AB2A6F21C400B1E63A /* ResetPasswordPresenter.swift */,
			);
			path = Presenter;
			sourceTree = "<group>";
		};
		314B17892A66CCB100F27C77 = {
			isa = PBXGroup;
			children = (
				314B17942A66CCB100F27C77 /* CoffeeWood */,
				314B17932A66CCB100F27C77 /* Products */,
			);
			sourceTree = "<group>";
		};
		314B17932A66CCB100F27C77 /* Products */ = {
			isa = PBXGroup;
			children = (
				314B17922A66CCB100F27C77 /* CoffeeWood.app */,
			);
			name = Products;
			sourceTree = "<group>";
		};
		314B17942A66CCB100F27C77 /* CoffeeWood */ = {
			isa = PBXGroup;
			children = (
				3132D74C2A7EBE84000C1679 /* Managers */,
				31B098112A6C8AA700CB99BE /* Models */,
				314B17F52A685FDE00F27C77 /* Authentication */,
				314B18082A6892F500F27C77 /* General */,
				314B17D92A681AEB00F27C77 /* ComponentsViews */,
				31B0980C2A6C028A00CB99BE /* Helpers */,
				314B17A92A66CE5A00F27C77 /* Application */,
				314B17AA2A66CE6400F27C77 /* SupportingFiles */,
			);
			path = CoffeeWood;
			sourceTree = "<group>";
		};
		314B17A92A66CE5A00F27C77 /* Application */ = {
			isa = PBXGroup;
			children = (
				314B17952A66CCB100F27C77 /* AppDelegate.swift */,
				314B17972A66CCB100F27C77 /* SceneDelegate.swift */,
			);
			path = Application;
			sourceTree = "<group>";
		};
		314B17AA2A66CE6400F27C77 /* SupportingFiles */ = {
			isa = PBXGroup;
			children = (
				31FCF0CB2A7068BD005532FB /* Fonts */,
				314B179E2A66CCB200F27C77 /* Assets.xcassets */,
				314B17A02A66CCB200F27C77 /* LaunchScreen.storyboard */,
				314B17A32A66CCB200F27C77 /* Info.plist */,
				314B17B62A66DA2000F27C77 /* GoogleService-Info.plist */,
			);
			path = SupportingFiles;
			sourceTree = "<group>";
		};
		314B17AB2A66D4E600F27C77 /* Onboarding */ = {
			isa = PBXGroup;
			children = (
				314B17992A66CCB100F27C77 /* OnboarnigController.swift */,
				314B17AC2A66D77300F27C77 /* OnboardingView */,
				314B17B12A66D7F100F27C77 /* Presenter */,
				314B17B32A66D85600F27C77 /* OnboardingModuleAssembly.swift */,
			);
			path = Onboarding;
			sourceTree = "<group>";
		};
		314B17AC2A66D77300F27C77 /* OnboardingView */ = {
			isa = PBXGroup;
			children = (
				314B17AD2A66D7B100F27C77 /* OnboardingView.swift */,
			);
			path = OnboardingView;
			sourceTree = "<group>";
		};
		314B17B12A66D7F100F27C77 /* Presenter */ = {
			isa = PBXGroup;
			children = (
				314B17D02A671CFB00F27C77 /* OnboardingViewPresenter.swift */,
			);
			path = Presenter;
			sourceTree = "<group>";
		};
		314B17B52A66D93300F27C77 /* FirebaseManager */ = {
			isa = PBXGroup;
			children = (
				314B17CD2A671A6E00F27C77 /* AuthService.swift */,
				31B0980F2A6C898A00CB99BE /* DatabaseService.swift */,
				3132D7732A815F5D000C1679 /* StorageService.swift */,
			);
			path = FirebaseManager;
			sourceTree = "<group>";
		};
		314B17D62A673A9B00F27C77 /* Login */ = {
			isa = PBXGroup;
			children = (
				314B17D72A673AC700F27C77 /* LoginController.swift */,
				314B17E22A682AB800F27C77 /* LoginView */,
				314B17E32A682B5F00F27C77 /* Presenter */,
				314B17E52A682C4500F27C77 /* LoginModuleAssembly.swift */,
			);
			path = Login;
			sourceTree = "<group>";
		};
		314B17D92A681AEB00F27C77 /* ComponentsViews */ = {
			isa = PBXGroup;
			children = (
				3132D74D2A7ED275000C1679 /* Authentication */,
				3132D74E2A7ED292000C1679 /* General */,
			);
			path = ComponentsViews;
			sourceTree = "<group>";
		};
		314B17E22A682AB800F27C77 /* LoginView */ = {
			isa = PBXGroup;
			children = (
				314B17E72A682E9600F27C77 /* LoginView.swift */,
			);
			path = LoginView;
			sourceTree = "<group>";
		};
		314B17E32A682B5F00F27C77 /* Presenter */ = {
			isa = PBXGroup;
			children = (
				314B17F32A68557000F27C77 /* LoginViewPresenter.swift */,
			);
			path = Presenter;
			sourceTree = "<group>";
		};
		314B17EB2A68489400F27C77 /* Extensions */ = {
			isa = PBXGroup;
			children = (
				314B17EC2A6848B100F27C77 /* UIColorExtension.swift */,
			);
			path = Extensions;
			sourceTree = "<group>";
		};
		314B17F52A685FDE00F27C77 /* Authentication */ = {
			isa = PBXGroup;
			children = (
				314B17AB2A66D4E600F27C77 /* Onboarding */,
				314B17D62A673A9B00F27C77 /* Login */,
				314B17F62A68607200F27C77 /* Registration */,
				31FCF0D22A713891005532FB /* Verification */,
				313675982A6F1E3600B1E63A /* ResetPassword */,
			);
			path = Authentication;
			sourceTree = "<group>";
		};
		314B17F62A68607200F27C77 /* Registration */ = {
			isa = PBXGroup;
			children = (
				314B17F72A6860FA00F27C77 /* RegistrationController.swift */,
				314B18052A6861BA00F27C77 /* RegisterView */,
				314B18062A6861C500F27C77 /* Presenter */,
				314B17FB2A68615400F27C77 /* RegistrationModuleAssembly.swift */,
			);
			path = Registration;
			sourceTree = "<group>";
		};
		314B18052A6861BA00F27C77 /* RegisterView */ = {
			isa = PBXGroup;
			children = (
				314B17FD2A68616000F27C77 /* RegistrationView.swift */,
			);
			path = RegisterView;
			sourceTree = "<group>";
		};
		314B18062A6861C500F27C77 /* Presenter */ = {
			isa = PBXGroup;
			children = (
				314B17F92A68613100F27C77 /* RegistrationViewPresenter.swift */,
			);
			path = Presenter;
			sourceTree = "<group>";
		};
		314B18082A6892F500F27C77 /* General */ = {
			isa = PBXGroup;
			children = (
				3132D7482A7EBD64000C1679 /* GeneralTabBarController.swift */,
				318B2F6C2A77DAEF001F694F /* HomeSection */,
				3132D7412A7EB02E000C1679 /* RewardsSection */,
				3132D7422A7EB04B000C1679 /* MyOrdersSection */,
			);
			path = General;
			sourceTree = "<group>";
		};
		318B2F682A76857F001F694F /* UserProfileSectionView */ = {
			isa = PBXGroup;
			children = (
				31C23CE82A75798200B1C965 /* UserInfoSectionView.swift */,
				318B2F6D2A786453001F694F /* UserProfileSectionViewType.swift */,
			);
			path = UserProfileSectionView;
			sourceTree = "<group>";
		};
		318B2F6C2A77DAEF001F694F /* HomeSection */ = {
			isa = PBXGroup;
			children = (
				3132D7432A7EB3E9000C1679 /* Home */,
				3132D7442A7EB8EF000C1679 /* Details  */,
				3132D7452A7EB90A000C1679 /* MyCart */,
				3132D7462A7EB91B000C1679 /* OrderConfirmation */,
				3132D7472A7EBBA4000C1679 /* OrderSuccess */,
				3132D74F2A7EF40F000C1679 /* TrackMyOrder */,
				31C23CD62A7568F100B1C965 /* Profile */,
			);
			path = HomeSection;
			sourceTree = "<group>";
		};
		31B0980C2A6C028A00CB99BE /* Helpers */ = {
			isa = PBXGroup;
			children = (
				3132D7542A7FDD19000C1679 /* Resorces */,
				3132D74B2A7EBE61000C1679 /* AlertControllerMaker */,
				3132D74A2A7EBE4F000C1679 /* AuthHelper */,
				314B17EB2A68489400F27C77 /* Extensions */,
			);
			path = Helpers;
			sourceTree = "<group>";
		};
		31B098112A6C8AA700CB99BE /* Models */ = {
			isa = PBXGroup;
			children = (
				31B098122A6C8AC400CB99BE /* DDUser.swift */,
				3132D7712A8154C7000C1679 /* CoffeeProduct.swift */,
				3132D7752A816F84000C1679 /* CartPosition.swift */,
				3132D7942A8B7FE0000C1679 /* Order.swift */,
				3132D7962A8C254C000C1679 /* Cart.swift */,
				3132D7A52A8EB479000C1679 /* CartPositionRAW.swift */,
			);
			path = Models;
			sourceTree = "<group>";
		};
		31C23CD62A7568F100B1C965 /* Profile */ = {
			isa = PBXGroup;
			children = (
				31C23CD72A7569C300B1C965 /* UserProfileController.swift */,
				31C23CD92A756A0700B1C965 /* UserProfileView */,
				31C23CDA2A756A1C00B1C965 /* UserProfilePresenter */,
				31C23CDC2A756A5200B1C965 /* UserProfileModuleAssembly.swift */,
			);
			path = Profile;
			sourceTree = "<group>";
		};
		31C23CD92A756A0700B1C965 /* UserProfileView */ = {
			isa = PBXGroup;
			children = (
				31C23CE62A756BAE00B1C965 /* UserProfileView.swift */,
			);
			path = UserProfileView;
			sourceTree = "<group>";
		};
		31C23CDA2A756A1C00B1C965 /* UserProfilePresenter */ = {
			isa = PBXGroup;
			children = (
				31C23CE42A756B9D00B1C965 /* UserProfilePresenter.swift */,
			);
			path = UserProfilePresenter;
			sourceTree = "<group>";
		};
		31FCF0CB2A7068BD005532FB /* Fonts */ = {
			isa = PBXGroup;
			children = (
				3132D76A2A814A2C000C1679 /* DMSans */,
				3132D7692A814A18000C1679 /* Poppins */,
			);
			path = Fonts;
			sourceTree = "<group>";
		};
		31FCF0D22A713891005532FB /* Verification */ = {
			isa = PBXGroup;
			children = (
				31FCF0D32A713957005532FB /* VerificationController.swift */,
				31FCF0D62A713964005532FB /* VerificationView */,
				31FCF0D52A71395B005532FB /* Presenter */,
				31FCF0D82A7139BD005532FB /* VerificationModuleAssembly.swift */,
			);
			path = Verification;
			sourceTree = "<group>";
		};
		31FCF0D52A71395B005532FB /* Presenter */ = {
			isa = PBXGroup;
			children = (
				31FCF0E02A7139FE005532FB /* VerificationViewPresenter.swift */,
			);
			path = Presenter;
			sourceTree = "<group>";
		};
		31FCF0D62A713964005532FB /* VerificationView */ = {
			isa = PBXGroup;
			children = (
				31FCF0E22A713A0F005532FB /* VerificationView.swift */,
			);
			path = VerificationView;
			sourceTree = "<group>";
		};
/* End PBXGroup section */

/* Begin PBXNativeTarget section */
		314B17912A66CCB100F27C77 /* CoffeeWood */ = {
			isa = PBXNativeTarget;
			buildConfigurationList = 314B17A62A66CCB200F27C77 /* Build configuration list for PBXNativeTarget "CoffeeWood" */;
			buildPhases = (
				314B178E2A66CCB100F27C77 /* Sources */,
				314B178F2A66CCB100F27C77 /* Frameworks */,
				314B17902A66CCB100F27C77 /* Resources */,
			);
			buildRules = (
			);
			dependencies = (
			);
			name = CoffeeWood;
			packageProductDependencies = (
				314B17B92A66DB4C00F27C77 /* FirebaseAnalytics */,
				314B17BB2A66DB4C00F27C77 /* FirebaseAnalyticsOnDeviceConversion */,
				314B17BD2A66DB4C00F27C77 /* FirebaseAnalyticsSwift */,
				314B17BF2A66DB4C00F27C77 /* FirebaseAuth */,
				314B17C12A66DB4C00F27C77 /* FirebaseDatabase */,
				314B17C32A66DB4C00F27C77 /* FirebaseDatabaseSwift */,
				314B17C52A66DB4C00F27C77 /* FirebaseFirestore */,
				314B17C72A66DB4C00F27C77 /* FirebaseFirestoreSwift */,
				314B17C92A66DB4C00F27C77 /* FirebaseMessaging */,
				314B17CB2A66DB4C00F27C77 /* FirebaseStorage */,
				31E105BA2A69B31B000D7210 /* CHIPageControl */,
				313675A92A6F208E00B1E63A /* SnapKit */,
			);
			productName = CoffeeWood;
			productReference = 314B17922A66CCB100F27C77 /* CoffeeWood.app */;
			productType = "com.apple.product-type.application";
		};
/* End PBXNativeTarget section */

/* Begin PBXProject section */
		314B178A2A66CCB100F27C77 /* Project object */ = {
			isa = PBXProject;
			attributes = {
				BuildIndependentTargetsInParallel = 1;
				LastSwiftUpdateCheck = 1430;
				LastUpgradeCheck = 1430;
				TargetAttributes = {
					314B17912A66CCB100F27C77 = {
						CreatedOnToolsVersion = 14.3;
					};
				};
			};
			buildConfigurationList = 314B178D2A66CCB100F27C77 /* Build configuration list for PBXProject "CoffeeWood" */;
			compatibilityVersion = "Xcode 14.0";
			developmentRegion = en;
			hasScannedForEncodings = 0;
			knownRegions = (
				en,
				Base,
			);
			mainGroup = 314B17892A66CCB100F27C77;
			packageReferences = (
				314B17B82A66DB4B00F27C77 /* XCRemoteSwiftPackageReference "firebase-ios-sdk" */,
				31E105B92A69B31B000D7210 /* XCRemoteSwiftPackageReference "CHIPageControl" */,
				313675A82A6F208E00B1E63A /* XCRemoteSwiftPackageReference "SnapKit" */,
			);
			productRefGroup = 314B17932A66CCB100F27C77 /* Products */;
			projectDirPath = "";
			projectRoot = "";
			targets = (
				314B17912A66CCB100F27C77 /* CoffeeWood */,
			);
		};
/* End PBXProject section */

/* Begin PBXResourcesBuildPhase section */
		314B17902A66CCB100F27C77 /* Resources */ = {
			isa = PBXResourcesBuildPhase;
			buildActionMask = 2147483647;
			files = (
				314B17A22A66CCB200F27C77 /* LaunchScreen.storyboard in Resources */,
				3132D78D2A8985A9000C1679 /* DMSans-Bold.ttf in Resources */,
				3132D76E2A814ACB000C1679 /* DMSans-SemiBold.ttf in Resources */,
				3132D76C2A814AB8000C1679 /* DMSans-Regular.ttf in Resources */,
				31FCF0CD2A706B4D005532FB /* Poppins-Medium.ttf in Resources */,
				314B179F2A66CCB200F27C77 /* Assets.xcassets in Resources */,
				31FCF0D12A706B62005532FB /* Poppins-SemiBold.ttf in Resources */,
				314B17B72A66DA2000F27C77 /* GoogleService-Info.plist in Resources */,
				31FCF0CF2A706B59005532FB /* Poppins-Regular.ttf in Resources */,
				3132D7A12A8E6DD5000C1679 /* Poppins-Light.ttf in Resources */,
				3132D7702A814AEF000C1679 /* DMSans-Medium.ttf in Resources */,
			);
			runOnlyForDeploymentPostprocessing = 0;
		};
/* End PBXResourcesBuildPhase section */

/* Begin PBXSourcesBuildPhase section */
		314B178E2A66CCB100F27C77 /* Sources */ = {
			isa = PBXSourcesBuildPhase;
			buildActionMask = 2147483647;
			files = (
				31FCF0D92A7139BD005532FB /* VerificationModuleAssembly.swift in Sources */,
				3132D7512A7EF56C000C1679 /* RewardsViewController .swift in Sources */,
				31C23CE92A75798200B1C965 /* UserInfoSectionView.swift in Sources */,
				3132D7BB2A941B4F000C1679 /* BankCardView.swift in Sources */,
				31C23CD82A7569C300B1C965 /* UserProfileController.swift in Sources */,
				31FCF0E12A7139FE005532FB /* VerificationViewPresenter.swift in Sources */,
				314B17E62A682C4500F27C77 /* LoginModuleAssembly.swift in Sources */,
				3132D7952A8B7FE0000C1679 /* Order.swift in Sources */,
				3132D7B22A92993E000C1679 /* MyOrdersPresenter.swift in Sources */,
				314B17F42A68557000F27C77 /* LoginViewPresenter.swift in Sources */,
				313675A72A6F206400B1E63A /* ResetPasswordView.swift in Sources */,
				31B098102A6C898A00CB99BE /* DatabaseService.swift in Sources */,
				3135D6742A7AB2DA00BB1182 /* AuthSectionViewType.swift in Sources */,
				3132D7992A8E53D1000C1679 /* MyCartController.swift in Sources */,
				31C23CE52A756B9D00B1C965 /* UserProfilePresenter.swift in Sources */,
				3136759A2A6F1E8300B1E63A /* ResetPasswordController.swift in Sources */,
				31B0980E2A6C02B100CB99BE /* AuthHelper.swift in Sources */,
				31FCF0E32A713A0F005532FB /* VerificationView.swift in Sources */,
				3132D7762A816F84000C1679 /* CartPosition.swift in Sources */,
				3132D7B42A929AFD000C1679 /* MyOrdersModuleAssembly.swift in Sources */,
				3132D77C2A841E88000C1679 /* RewardsPresenter.swift in Sources */,
				3132D7AA2A927E08000C1679 /* OrderConfirmationController.swift in Sources */,
				3132D7892A895C00000C1679 /* CustomStepper.swift in Sources */,
				3136759F2A6F1F6C00B1E63A /* ResetPasswordModuleAssembly.swift in Sources */,
				314B179A2A66CCB100F27C77 /* OnboarnigController.swift in Sources */,
				3132D78F2A898664000C1679 /* TemperatureSectionView.swift in Sources */,
				314B17AE2A66D7B100F27C77 /* OnboardingView.swift in Sources */,
				3132D79D2A8E5577000C1679 /* MyCartPresenter.swift in Sources */,
				31C23CDD2A756A5200B1C965 /* UserProfileModuleAssembly.swift in Sources */,
				314B17FC2A68615400F27C77 /* RegistrationModuleAssembly.swift in Sources */,
				3132D7742A815F5D000C1679 /* StorageService.swift in Sources */,
				3132D7822A8931C1000C1679 /* DetailPresenter.swift in Sources */,
				313675B62A700E2C00B1E63A /* AuthViewWithTextField.swift in Sources */,
				314B17962A66CCB100F27C77 /* AppDelegate.swift in Sources */,
				3135D6762A7BBD2500BB1182 /* AlertControllerMaker.swift in Sources */,
				314B17FE2A68616000F27C77 /* RegistrationView.swift in Sources */,
				3132D79F2A8E55C0000C1679 /* MyCartModuleAssembly.swift in Sources */,
				313675AE2A6F27F900B1E63A /* MainLabel.swift in Sources */,
				314B17982A66CCB100F27C77 /* SceneDelegate.swift in Sources */,
				3132D78B2A89769C000C1679 /* ShotSectionView.swift in Sources */,
				3135D6792A7BD31E00BB1182 /* UserDefaultsManager.swift in Sources */,
				3132D77E2A8930E5000C1679 /* DetailController.swift in Sources */,
				3132D7722A8154C7000C1679 /* CoffeeProduct.swift in Sources */,
				3132D7532A7EF69F000C1679 /* MyOrdersController.swift in Sources */,
				3132D7A42A8E7C65000C1679 /* CartTableViewCell.swift in Sources */,
				314B17B42A66D85600F27C77 /* OnboardingModuleAssembly.swift in Sources */,
				3132D75E2A80291C000C1679 /* HomeModuleAssembly.swift in Sources */,
				3132D7A62A8EB479000C1679 /* CartPositionRAW.swift in Sources */,
				31B098132A6C8AC400CB99BE /* DDUser.swift in Sources */,
				3132D7842A8932A7000C1679 /* DetailModuleAssembly.swift in Sources */,
				3132D75C2A8024B0000C1679 /* HomePresenter.swift in Sources */,
				313675B02A6F2F7000B1E63A /* SubLabel.swift in Sources */,
				3132D7802A893161000C1679 /* DetailView.swift in Sources */,
				3132D7AC2A927E75000C1679 /* OrderConfirmationView.swift in Sources */,
				31C23CE72A756BAE00B1C965 /* UserProfileView.swift in Sources */,
				313675AC2A6F21C400B1E63A /* ResetPasswordPresenter.swift in Sources */,
				3132D7912A8A809C000C1679 /* CupSizeSectionView.swift in Sources */,
				314B180A2A68932800F27C77 /* HomeController.swift in Sources */,
				31FCF0D42A713957005532FB /* VerificationController.swift in Sources */,
				3132D7582A7FDDCD000C1679 /* Resources.swift in Sources */,
				314B17DB2A681B1100F27C77 /* CircleNextButton.swift in Sources */,
				3132D7682A813F7D000C1679 /* CoffeeProductCollectionViewCell.swift in Sources */,
				314B17F82A6860FA00F27C77 /* RegistrationController.swift in Sources */,
				3132D7492A7EBD64000C1679 /* GeneralTabBarController.swift in Sources */,
				3132D7AE2A927F4D000C1679 /* OrderConfirmationPresenter.swift in Sources */,
				3132D7562A7FDD40000C1679 /* AppColors.swift in Sources */,
				3132D7B62A929C07000C1679 /* MyOrdersView.swift in Sources */,
				3132D7932A8A9C5B000C1679 /* IceAmountSectionView.swift in Sources */,
				3132D7972A8C254C000C1679 /* Cart.swift in Sources */,
				3132D7872A8951C1000C1679 /* QuanitySectionView.swift in Sources */,
				318B2F6E2A786453001F694F /* UserProfileSectionViewType.swift in Sources */,
				314B17E82A682E9600F27C77 /* LoginView.swift in Sources */,
				314B17ED2A6848B100F27C77 /* UIColorExtension.swift in Sources */,
				314B17D12A671CFB00F27C77 /* OnboardingViewPresenter.swift in Sources */,
				314B17FA2A68613100F27C77 /* RegistrationViewPresenter.swift in Sources */,
				3132D7A82A916854000C1679 /* CartPositionCountView.swift in Sources */,
				3132D79B2A8E5473000C1679 /* MyCartView.swift in Sources */,
				31FCF0E52A716A14005532FB /* VerificationSectionView.swift in Sources */,
				3132D75A2A7FFB38000C1679 /* HomeView.swift in Sources */,
				3132D7B92A9389E7000C1679 /* MyOrdersTableViewCell.swift in Sources */,
				314B17CE2A671A6E00F27C77 /* AuthService.swift in Sources */,
				314B17D82A673AC700F27C77 /* LoginController.swift in Sources */,
				3132D7B02A927FDB000C1679 /* OrderConfirmationModuleAssembly.swift in Sources */,
			);
			runOnlyForDeploymentPostprocessing = 0;
		};
/* End PBXSourcesBuildPhase section */

/* Begin PBXVariantGroup section */
		314B17A02A66CCB200F27C77 /* LaunchScreen.storyboard */ = {
			isa = PBXVariantGroup;
			children = (
				314B17A12A66CCB200F27C77 /* Base */,
			);
			name = LaunchScreen.storyboard;
			sourceTree = "<group>";
		};
/* End PBXVariantGroup section */

/* Begin XCBuildConfiguration section */
		314B17A42A66CCB200F27C77 /* Debug */ = {
			isa = XCBuildConfiguration;
			buildSettings = {
				ALWAYS_SEARCH_USER_PATHS = NO;
				CLANG_ANALYZER_NONNULL = YES;
				CLANG_ANALYZER_NUMBER_OBJECT_CONVERSION = YES_AGGRESSIVE;
				CLANG_CXX_LANGUAGE_STANDARD = "gnu++20";
				CLANG_ENABLE_MODULES = YES;
				CLANG_ENABLE_OBJC_ARC = YES;
				CLANG_ENABLE_OBJC_WEAK = YES;
				CLANG_WARN_BLOCK_CAPTURE_AUTORELEASING = YES;
				CLANG_WARN_BOOL_CONVERSION = YES;
				CLANG_WARN_COMMA = YES;
				CLANG_WARN_CONSTANT_CONVERSION = YES;
				CLANG_WARN_DEPRECATED_OBJC_IMPLEMENTATIONS = YES;
				CLANG_WARN_DIRECT_OBJC_ISA_USAGE = YES_ERROR;
				CLANG_WARN_DOCUMENTATION_COMMENTS = YES;
				CLANG_WARN_EMPTY_BODY = YES;
				CLANG_WARN_ENUM_CONVERSION = YES;
				CLANG_WARN_INFINITE_RECURSION = YES;
				CLANG_WARN_INT_CONVERSION = YES;
				CLANG_WARN_NON_LITERAL_NULL_CONVERSION = YES;
				CLANG_WARN_OBJC_IMPLICIT_RETAIN_SELF = YES;
				CLANG_WARN_OBJC_LITERAL_CONVERSION = YES;
				CLANG_WARN_OBJC_ROOT_CLASS = YES_ERROR;
				CLANG_WARN_QUOTED_INCLUDE_IN_FRAMEWORK_HEADER = YES;
				CLANG_WARN_RANGE_LOOP_ANALYSIS = YES;
				CLANG_WARN_STRICT_PROTOTYPES = YES;
				CLANG_WARN_SUSPICIOUS_MOVE = YES;
				CLANG_WARN_UNGUARDED_AVAILABILITY = YES_AGGRESSIVE;
				CLANG_WARN_UNREACHABLE_CODE = YES;
				CLANG_WARN__DUPLICATE_METHOD_MATCH = YES;
				COPY_PHASE_STRIP = NO;
				DEBUG_INFORMATION_FORMAT = dwarf;
				ENABLE_STRICT_OBJC_MSGSEND = YES;
				ENABLE_TESTABILITY = YES;
				GCC_C_LANGUAGE_STANDARD = gnu11;
				GCC_DYNAMIC_NO_PIC = NO;
				GCC_NO_COMMON_BLOCKS = YES;
				GCC_OPTIMIZATION_LEVEL = 0;
				GCC_PREPROCESSOR_DEFINITIONS = (
					"DEBUG=1",
					"$(inherited)",
				);
				GCC_WARN_64_TO_32_BIT_CONVERSION = YES;
				GCC_WARN_ABOUT_RETURN_TYPE = YES_ERROR;
				GCC_WARN_UNDECLARED_SELECTOR = YES;
				GCC_WARN_UNINITIALIZED_AUTOS = YES_AGGRESSIVE;
				GCC_WARN_UNUSED_FUNCTION = YES;
				GCC_WARN_UNUSED_VARIABLE = YES;
				IPHONEOS_DEPLOYMENT_TARGET = 16.4;
				MTL_ENABLE_DEBUG_INFO = INCLUDE_SOURCE;
				MTL_FAST_MATH = YES;
				ONLY_ACTIVE_ARCH = YES;
				SDKROOT = iphoneos;
				SWIFT_ACTIVE_COMPILATION_CONDITIONS = DEBUG;
				SWIFT_OPTIMIZATION_LEVEL = "-Onone";
			};
			name = Debug;
		};
		314B17A52A66CCB200F27C77 /* Release */ = {
			isa = XCBuildConfiguration;
			buildSettings = {
				ALWAYS_SEARCH_USER_PATHS = NO;
				CLANG_ANALYZER_NONNULL = YES;
				CLANG_ANALYZER_NUMBER_OBJECT_CONVERSION = YES_AGGRESSIVE;
				CLANG_CXX_LANGUAGE_STANDARD = "gnu++20";
				CLANG_ENABLE_MODULES = YES;
				CLANG_ENABLE_OBJC_ARC = YES;
				CLANG_ENABLE_OBJC_WEAK = YES;
				CLANG_WARN_BLOCK_CAPTURE_AUTORELEASING = YES;
				CLANG_WARN_BOOL_CONVERSION = YES;
				CLANG_WARN_COMMA = YES;
				CLANG_WARN_CONSTANT_CONVERSION = YES;
				CLANG_WARN_DEPRECATED_OBJC_IMPLEMENTATIONS = YES;
				CLANG_WARN_DIRECT_OBJC_ISA_USAGE = YES_ERROR;
				CLANG_WARN_DOCUMENTATION_COMMENTS = YES;
				CLANG_WARN_EMPTY_BODY = YES;
				CLANG_WARN_ENUM_CONVERSION = YES;
				CLANG_WARN_INFINITE_RECURSION = YES;
				CLANG_WARN_INT_CONVERSION = YES;
				CLANG_WARN_NON_LITERAL_NULL_CONVERSION = YES;
				CLANG_WARN_OBJC_IMPLICIT_RETAIN_SELF = YES;
				CLANG_WARN_OBJC_LITERAL_CONVERSION = YES;
				CLANG_WARN_OBJC_ROOT_CLASS = YES_ERROR;
				CLANG_WARN_QUOTED_INCLUDE_IN_FRAMEWORK_HEADER = YES;
				CLANG_WARN_RANGE_LOOP_ANALYSIS = YES;
				CLANG_WARN_STRICT_PROTOTYPES = YES;
				CLANG_WARN_SUSPICIOUS_MOVE = YES;
				CLANG_WARN_UNGUARDED_AVAILABILITY = YES_AGGRESSIVE;
				CLANG_WARN_UNREACHABLE_CODE = YES;
				CLANG_WARN__DUPLICATE_METHOD_MATCH = YES;
				COPY_PHASE_STRIP = NO;
				DEBUG_INFORMATION_FORMAT = "dwarf-with-dsym";
				ENABLE_NS_ASSERTIONS = NO;
				ENABLE_STRICT_OBJC_MSGSEND = YES;
				GCC_C_LANGUAGE_STANDARD = gnu11;
				GCC_NO_COMMON_BLOCKS = YES;
				GCC_WARN_64_TO_32_BIT_CONVERSION = YES;
				GCC_WARN_ABOUT_RETURN_TYPE = YES_ERROR;
				GCC_WARN_UNDECLARED_SELECTOR = YES;
				GCC_WARN_UNINITIALIZED_AUTOS = YES_AGGRESSIVE;
				GCC_WARN_UNUSED_FUNCTION = YES;
				GCC_WARN_UNUSED_VARIABLE = YES;
				IPHONEOS_DEPLOYMENT_TARGET = 16.4;
				MTL_ENABLE_DEBUG_INFO = NO;
				MTL_FAST_MATH = YES;
				SDKROOT = iphoneos;
				SWIFT_COMPILATION_MODE = wholemodule;
				SWIFT_OPTIMIZATION_LEVEL = "-O";
				VALIDATE_PRODUCT = YES;
			};
			name = Release;
		};
		314B17A72A66CCB200F27C77 /* Debug */ = {
			isa = XCBuildConfiguration;
			buildSettings = {
				ASSETCATALOG_COMPILER_APPICON_NAME = AppIcon;
				ASSETCATALOG_COMPILER_GLOBAL_ACCENT_COLOR_NAME = AccentColor;
				CODE_SIGN_STYLE = Automatic;
				CURRENT_PROJECT_VERSION = 1;
				DEVELOPMENT_TEAM = 4664P6ML3F;
				GENERATE_INFOPLIST_FILE = YES;
				INFOPLIST_FILE = CoffeeWood/SupportingFiles/Info.plist;
				INFOPLIST_KEY_LSApplicationCategoryType = "public.app-category.business";
				INFOPLIST_KEY_UIApplicationSupportsIndirectInputEvents = YES;
				INFOPLIST_KEY_UILaunchStoryboardName = LaunchScreen;
				INFOPLIST_KEY_UISupportedInterfaceOrientations = UIInterfaceOrientationPortrait;
				INFOPLIST_KEY_UISupportedInterfaceOrientations_iPad = "UIInterfaceOrientationLandscapeLeft UIInterfaceOrientationLandscapeRight UIInterfaceOrientationPortrait UIInterfaceOrientationPortraitUpsideDown";
				IPHONEOS_DEPLOYMENT_TARGET = 15.0;
				LD_RUNPATH_SEARCH_PATHS = (
					"$(inherited)",
					"@executable_path/Frameworks",
				);
				MARKETING_VERSION = 1.0;
				PRODUCT_BUNDLE_IDENTIFIER = "Roman-dev.CoffeeWood";
				PRODUCT_NAME = "$(TARGET_NAME)";
				SUPPORTED_PLATFORMS = "iphoneos iphonesimulator";
				SUPPORTS_MACCATALYST = NO;
				SUPPORTS_MAC_DESIGNED_FOR_IPHONE_IPAD = NO;
				SWIFT_EMIT_LOC_STRINGS = YES;
				SWIFT_VERSION = 5.0;
				TARGETED_DEVICE_FAMILY = 1;
			};
			name = Debug;
		};
		314B17A82A66CCB200F27C77 /* Release */ = {
			isa = XCBuildConfiguration;
			buildSettings = {
				ASSETCATALOG_COMPILER_APPICON_NAME = AppIcon;
				ASSETCATALOG_COMPILER_GLOBAL_ACCENT_COLOR_NAME = AccentColor;
				CODE_SIGN_STYLE = Automatic;
				CURRENT_PROJECT_VERSION = 1;
				DEVELOPMENT_TEAM = 4664P6ML3F;
				GENERATE_INFOPLIST_FILE = YES;
				INFOPLIST_FILE = CoffeeWood/SupportingFiles/Info.plist;
				INFOPLIST_KEY_LSApplicationCategoryType = "public.app-category.business";
				INFOPLIST_KEY_UIApplicationSupportsIndirectInputEvents = YES;
				INFOPLIST_KEY_UILaunchStoryboardName = LaunchScreen;
				INFOPLIST_KEY_UISupportedInterfaceOrientations = UIInterfaceOrientationPortrait;
				INFOPLIST_KEY_UISupportedInterfaceOrientations_iPad = "UIInterfaceOrientationLandscapeLeft UIInterfaceOrientationLandscapeRight UIInterfaceOrientationPortrait UIInterfaceOrientationPortraitUpsideDown";
				IPHONEOS_DEPLOYMENT_TARGET = 15.0;
				LD_RUNPATH_SEARCH_PATHS = (
					"$(inherited)",
					"@executable_path/Frameworks",
				);
				MARKETING_VERSION = 1.0;
				PRODUCT_BUNDLE_IDENTIFIER = "Roman-dev.CoffeeWood";
				PRODUCT_NAME = "$(TARGET_NAME)";
				SUPPORTED_PLATFORMS = "iphoneos iphonesimulator";
				SUPPORTS_MACCATALYST = NO;
				SUPPORTS_MAC_DESIGNED_FOR_IPHONE_IPAD = NO;
				SWIFT_EMIT_LOC_STRINGS = YES;
				SWIFT_VERSION = 5.0;
				TARGETED_DEVICE_FAMILY = 1;
			};
			name = Release;
		};
/* End XCBuildConfiguration section */

/* Begin XCConfigurationList section */
		314B178D2A66CCB100F27C77 /* Build configuration list for PBXProject "CoffeeWood" */ = {
			isa = XCConfigurationList;
			buildConfigurations = (
				314B17A42A66CCB200F27C77 /* Debug */,
				314B17A52A66CCB200F27C77 /* Release */,
			);
			defaultConfigurationIsVisible = 0;
			defaultConfigurationName = Release;
		};
		314B17A62A66CCB200F27C77 /* Build configuration list for PBXNativeTarget "CoffeeWood" */ = {
			isa = XCConfigurationList;
			buildConfigurations = (
				314B17A72A66CCB200F27C77 /* Debug */,
				314B17A82A66CCB200F27C77 /* Release */,
			);
			defaultConfigurationIsVisible = 0;
			defaultConfigurationName = Release;
		};
/* End XCConfigurationList section */

/* Begin XCRemoteSwiftPackageReference section */
		313675A82A6F208E00B1E63A /* XCRemoteSwiftPackageReference "SnapKit" */ = {
			isa = XCRemoteSwiftPackageReference;
			repositoryURL = "https://github.com/SnapKit/SnapKit";
			requirement = {
				kind = upToNextMajorVersion;
				minimumVersion = 5.0.0;
			};
		};
		314B17B82A66DB4B00F27C77 /* XCRemoteSwiftPackageReference "firebase-ios-sdk" */ = {
			isa = XCRemoteSwiftPackageReference;
			repositoryURL = "https://github.com/firebase/firebase-ios-sdk";
			requirement = {
				kind = upToNextMajorVersion;
				minimumVersion = 10.0.0;
			};
		};
		31E105B92A69B31B000D7210 /* XCRemoteSwiftPackageReference "CHIPageControl" */ = {
			isa = XCRemoteSwiftPackageReference;
			repositoryURL = "https://github.com/ChiliLabs/CHIPageControl";
			requirement = {
				kind = upToNextMajorVersion;
				minimumVersion = 0.2.1;
			};
		};
/* End XCRemoteSwiftPackageReference section */

/* Begin XCSwiftPackageProductDependency section */
		313675A92A6F208E00B1E63A /* SnapKit */ = {
			isa = XCSwiftPackageProductDependency;
			package = 313675A82A6F208E00B1E63A /* XCRemoteSwiftPackageReference "SnapKit" */;
			productName = SnapKit;
		};
		314B17B92A66DB4C00F27C77 /* FirebaseAnalytics */ = {
			isa = XCSwiftPackageProductDependency;
			package = 314B17B82A66DB4B00F27C77 /* XCRemoteSwiftPackageReference "firebase-ios-sdk" */;
			productName = FirebaseAnalytics;
		};
		314B17BB2A66DB4C00F27C77 /* FirebaseAnalyticsOnDeviceConversion */ = {
			isa = XCSwiftPackageProductDependency;
			package = 314B17B82A66DB4B00F27C77 /* XCRemoteSwiftPackageReference "firebase-ios-sdk" */;
			productName = FirebaseAnalyticsOnDeviceConversion;
		};
		314B17BD2A66DB4C00F27C77 /* FirebaseAnalyticsSwift */ = {
			isa = XCSwiftPackageProductDependency;
			package = 314B17B82A66DB4B00F27C77 /* XCRemoteSwiftPackageReference "firebase-ios-sdk" */;
			productName = FirebaseAnalyticsSwift;
		};
		314B17BF2A66DB4C00F27C77 /* FirebaseAuth */ = {
			isa = XCSwiftPackageProductDependency;
			package = 314B17B82A66DB4B00F27C77 /* XCRemoteSwiftPackageReference "firebase-ios-sdk" */;
			productName = FirebaseAuth;
		};
		314B17C12A66DB4C00F27C77 /* FirebaseDatabase */ = {
			isa = XCSwiftPackageProductDependency;
			package = 314B17B82A66DB4B00F27C77 /* XCRemoteSwiftPackageReference "firebase-ios-sdk" */;
			productName = FirebaseDatabase;
		};
		314B17C32A66DB4C00F27C77 /* FirebaseDatabaseSwift */ = {
			isa = XCSwiftPackageProductDependency;
			package = 314B17B82A66DB4B00F27C77 /* XCRemoteSwiftPackageReference "firebase-ios-sdk" */;
			productName = FirebaseDatabaseSwift;
		};
		314B17C52A66DB4C00F27C77 /* FirebaseFirestore */ = {
			isa = XCSwiftPackageProductDependency;
			package = 314B17B82A66DB4B00F27C77 /* XCRemoteSwiftPackageReference "firebase-ios-sdk" */;
			productName = FirebaseFirestore;
		};
		314B17C72A66DB4C00F27C77 /* FirebaseFirestoreSwift */ = {
			isa = XCSwiftPackageProductDependency;
			package = 314B17B82A66DB4B00F27C77 /* XCRemoteSwiftPackageReference "firebase-ios-sdk" */;
			productName = FirebaseFirestoreSwift;
		};
		314B17C92A66DB4C00F27C77 /* FirebaseMessaging */ = {
			isa = XCSwiftPackageProductDependency;
			package = 314B17B82A66DB4B00F27C77 /* XCRemoteSwiftPackageReference "firebase-ios-sdk" */;
			productName = FirebaseMessaging;
		};
		314B17CB2A66DB4C00F27C77 /* FirebaseStorage */ = {
			isa = XCSwiftPackageProductDependency;
			package = 314B17B82A66DB4B00F27C77 /* XCRemoteSwiftPackageReference "firebase-ios-sdk" */;
			productName = FirebaseStorage;
		};
		31E105BA2A69B31B000D7210 /* CHIPageControl */ = {
			isa = XCSwiftPackageProductDependency;
			package = 31E105B92A69B31B000D7210 /* XCRemoteSwiftPackageReference "CHIPageControl" */;
			productName = CHIPageControl;
		};
/* End XCSwiftPackageProductDependency section */
	};
	rootObject = 314B178A2A66CCB100F27C77 /* Project object */;
}
